
Microsoft Visual Studio Solution File, Format Version 12.00
# Visual Studio 2015
Project("{FAE04EC0-301F-11D3-BF4B-00C04F79EFBC}") = "bezier", "bezier.csproj", "{45CB0A68-4E47-1026-7B3A-4794EAACD68A}"
EndProject
Project("{FAE04EC0-301F-11D3-BF4B-00C04F79EFBC}") = "bezier.Editor", "bezier.Editor.csproj", "{E982ABE2-4646-12B5-717C-AA9EA02C2AF1}"
EndProject
Global
	GlobalSection(SolutionConfigurationPlatforms) = preSolution
		Debug|Any CPU = Debug|Any CPU
		Release|Any CPU = Release|Any CPU
	EndGlobalSection
	GlobalSection(ProjectConfigurationPlatforms) = postSolution
		{45CB0A68-4E47-1026-7B3A-4794EAACD68A}.Debug|Any CPU.ActiveCfg = Debug|Any CPU
		{45CB0A68-4E47-1026-7B3A-4794EAACD68A}.Debug|Any CPU.Build.0 = Debug|Any CPU
		{45CB0A68-4E47-1026-7B3A-4794EAACD68A}.Release|Any CPU.ActiveCfg = Release|Any CPU
		{45CB0A68-4E47-1026-7B3A-4794EAACD68A}.Release|Any CPU.Build.0 = Release|Any CPU
		{E982ABE2-4646-12B5-717C-AA9EA02C2AF1}.Debug|Any CPU.ActiveCfg = Debug|Any CPU
		{E982ABE2-4646-12B5-717C-AA9EA02C2AF1}.Debug|Any CPU.Build.0 = Debug|Any CPU
		{E982ABE2-4646-12B5-717C-AA9EA02C2AF1}.Release|Any CPU.ActiveCfg = Release|Any CPU
		{E982ABE2-4646-12B5-717C-AA9EA02C2AF1}.Release|Any CPU.Build.0 = Release|Any CPU
	EndGlobalSection
	GlobalSection(SolutionProperties) = preSolution
		HideSolutionNode = FALSE
	EndGlobalSection
EndGlobal
